
Microsoft Visual Studio Solution File, Format Version 12.00
# Visual Studio Version 17
VisualStudioVersion = 17.8.34525.116
MinimumVisualStudioVersion = 10.0.40219.1
Project("{8BC9CEB8-8B4A-11D0-8D11-00A0C91BC942}") = "Helpful Maths", "Helpful Maths\Helpful Maths.vcxproj", "{AC650347-F70A-49A6-9241-6C2E392C050F}"
EndProject
Global
	GlobalSection(SolutionConfigurationPlatforms) = preSolution
		Debug|x64 = Debug|x64
		Debug|x86 = Debug|x86
		Release|x64 = Release|x64
		Release|x86 = Release|x86
	EndGlobalSection
	GlobalSection(ProjectConfigurationPlatforms) = postSolution
		{AC650347-F70A-49A6-9241-6C2E392C050F}.Debug|x64.ActiveCfg = Debug|x64
		{AC650347-F70A-49A6-9241-6C2E392C050F}.Debug|x64.Build.0 = Debug|x64
		{AC650347-F70A-49A6-9241-6C2E392C050F}.Debug|x86.ActiveCfg = Debug|Win32
		{AC650347-F70A-49A6-9241-6C2E392C050F}.Debug|x86.Build.0 = Debug|Win32
		{AC650347-F70A-49A6-9241-6C2E392C050F}.Release|x64.ActiveCfg = Release|x64
		{AC650347-F70A-49A6-9241-6C2E392C050F}.Release|x64.Build.0 = Release|x64
		{AC650347-F70A-49A6-9241-6C2E392C050F}.Release|x86.ActiveCfg = Release|Win32
		{AC650347-F70A-49A6-9241-6C2E392C050F}.Release|x86.Build.0 = Release|Win32
	EndGlobalSection
	GlobalSection(SolutionProperties) = preSolution
		HideSolutionNode = FALSE
	EndGlobalSection
	GlobalSection(ExtensibilityGlobals) = postSolution
		SolutionGuid = {97511250-958A-46FD-A5AA-A06000395D76}
	EndGlobalSection
EndGlobal
