
Microsoft Visual Studio Solution File, Format Version 12.00
# Visual Studio Version 17
VisualStudioVersion = 17.8.34525.116
MinimumVisualStudioVersion = 10.0.40219.1
Project("{8BC9CEB8-8B4A-11D0-8D11-00A0C91BC942}") = "Repetitions", "Repetitions\Repetitions.vcxproj", "{994FFC47-4BFE-42B5-AAA5-C754E9E4D2BA}"
EndProject
Global
	GlobalSection(SolutionConfigurationPlatforms) = preSolution
		Debug|x64 = Debug|x64
		Debug|x86 = Debug|x86
		Release|x64 = Release|x64
		Release|x86 = Release|x86
	EndGlobalSection
	GlobalSection(ProjectConfigurationPlatforms) = postSolution
		{994FFC47-4BFE-42B5-AAA5-C754E9E4D2BA}.Debug|x64.ActiveCfg = Debug|x64
		{994FFC47-4BFE-42B5-AAA5-C754E9E4D2BA}.Debug|x64.Build.0 = Debug|x64
		{994FFC47-4BFE-42B5-AAA5-C754E9E4D2BA}.Debug|x86.ActiveCfg = Debug|Win32
		{994FFC47-4BFE-42B5-AAA5-C754E9E4D2BA}.Debug|x86.Build.0 = Debug|Win32
		{994FFC47-4BFE-42B5-AAA5-C754E9E4D2BA}.Release|x64.ActiveCfg = Release|x64
		{994FFC47-4BFE-42B5-AAA5-C754E9E4D2BA}.Release|x64.Build.0 = Release|x64
		{994FFC47-4BFE-42B5-AAA5-C754E9E4D2BA}.Release|x86.ActiveCfg = Release|Win32
		{994FFC47-4BFE-42B5-AAA5-C754E9E4D2BA}.Release|x86.Build.0 = Release|Win32
	EndGlobalSection
	GlobalSection(SolutionProperties) = preSolution
		HideSolutionNode = FALSE
	EndGlobalSection
	GlobalSection(ExtensibilityGlobals) = postSolution
		SolutionGuid = {93FEA336-ACD5-4C43-9303-44B114113EC9}
	EndGlobalSection
EndGlobal
