
Microsoft Visual Studio Solution File, Format Version 12.00
# Visual Studio Version 17
VisualStudioVersion = 17.8.34525.116
MinimumVisualStudioVersion = 10.0.40219.1
Project("{8BC9CEB8-8B4A-11D0-8D11-00A0C91BC942}") = "Panagram", "Panagram\Panagram.vcxproj", "{F6FFAD11-2AF9-49D6-9C3D-292ADC1B61ED}"
EndProject
Global
	GlobalSection(SolutionConfigurationPlatforms) = preSolution
		Debug|x64 = Debug|x64
		Debug|x86 = Debug|x86
		Release|x64 = Release|x64
		Release|x86 = Release|x86
	EndGlobalSection
	GlobalSection(ProjectConfigurationPlatforms) = postSolution
		{F6FFAD11-2AF9-49D6-9C3D-292ADC1B61ED}.Debug|x64.ActiveCfg = Debug|x64
		{F6FFAD11-2AF9-49D6-9C3D-292ADC1B61ED}.Debug|x64.Build.0 = Debug|x64
		{F6FFAD11-2AF9-49D6-9C3D-292ADC1B61ED}.Debug|x86.ActiveCfg = Debug|Win32
		{F6FFAD11-2AF9-49D6-9C3D-292ADC1B61ED}.Debug|x86.Build.0 = Debug|Win32
		{F6FFAD11-2AF9-49D6-9C3D-292ADC1B61ED}.Release|x64.ActiveCfg = Release|x64
		{F6FFAD11-2AF9-49D6-9C3D-292ADC1B61ED}.Release|x64.Build.0 = Release|x64
		{F6FFAD11-2AF9-49D6-9C3D-292ADC1B61ED}.Release|x86.ActiveCfg = Release|Win32
		{F6FFAD11-2AF9-49D6-9C3D-292ADC1B61ED}.Release|x86.Build.0 = Release|Win32
	EndGlobalSection
	GlobalSection(SolutionProperties) = preSolution
		HideSolutionNode = FALSE
	EndGlobalSection
	GlobalSection(ExtensibilityGlobals) = postSolution
		SolutionGuid = {F8739408-48A9-475F-A19D-623E75B48E52}
	EndGlobalSection
EndGlobal
